
Microsoft Visual Studio Solution File, Format Version 12.00
# Visual Studio Version 16
VisualStudioVersion = 16.0.29503.13
MinimumVisualStudioVersion = 10.0.40219.1
Project("{FAE04EC0-301F-11D3-BF4B-00C04F79EFBC}") = "Task_2", "Task_2\Task_2.csproj", "{6D360025-E8D1-4055-8493-7C23CB68E913}"
EndProject
Global
	GlobalSection(SolutionConfigurationPlatforms) = preSolution
		Debug|Any CPU = Debug|Any CPU
		Release|Any CPU = Release|Any CPU
	EndGlobalSection
	GlobalSection(ProjectConfigurationPlatforms) = postSolution
		{6D360025-E8D1-4055-8493-7C23CB68E913}.Debug|Any CPU.ActiveCfg = Debug|Any CPU
		{6D360025-E8D1-4055-8493-7C23CB68E913}.Debug|Any CPU.Build.0 = Debug|Any CPU
		{6D360025-E8D1-4055-8493-7C23CB68E913}.Release|Any CPU.ActiveCfg = Release|Any CPU
		{6D360025-E8D1-4055-8493-7C23CB68E913}.Release|Any CPU.Build.0 = Release|Any CPU
	EndGlobalSection
	GlobalSection(SolutionProperties) = preSolution
		HideSolutionNode = FALSE
	EndGlobalSection
	GlobalSection(ExtensibilityGlobals) = postSolution
		SolutionGuid = {5023B456-F593-4E0B-A231-823AD143A1F4}
	EndGlobalSection
EndGlobal
